
Microsoft Visual Studio Solution File, Format Version 12.00
# Visual Studio Version 17
VisualStudioVersion = 17.4.33213.308
MinimumVisualStudioVersion = 10.0.40219.1
Project("{FAE04EC0-301F-11D3-BF4B-00C04F79EFBC}") = "Rub9", "Rub9\Rub9.csproj", "{040A5444-DF4C-4F08-96A2-12BFE35CCB9D}"
EndProject
Global
	GlobalSection(SolutionConfigurationPlatforms) = preSolution
		Debug|Any CPU = Debug|Any CPU
		Release|Any CPU = Release|Any CPU
	EndGlobalSection
	GlobalSection(ProjectConfigurationPlatforms) = postSolution
		{040A5444-DF4C-4F08-96A2-12BFE35CCB9D}.Debug|Any CPU.ActiveCfg = Debug|Any CPU
		{040A5444-DF4C-4F08-96A2-12BFE35CCB9D}.Debug|Any CPU.Build.0 = Debug|Any CPU
		{040A5444-DF4C-4F08-96A2-12BFE35CCB9D}.Release|Any CPU.ActiveCfg = Release|Any CPU
		{040A5444-DF4C-4F08-96A2-12BFE35CCB9D}.Release|Any CPU.Build.0 = Release|Any CPU
	EndGlobalSection
	GlobalSection(SolutionProperties) = preSolution
		HideSolutionNode = FALSE
	EndGlobalSection
	GlobalSection(ExtensibilityGlobals) = postSolution
		SolutionGuid = {371F60DB-0F05-4548-AEFB-E0D4DBA25815}
	EndGlobalSection
EndGlobal
